{
  "object": {
    "pins": [
      {
        "package": "CocoaAsyncSocket",
        "repositoryURL": "https://github.com/robbiehanson/CocoaAsyncSocket",
        "state": {
          "branch": null,
          "revision": "0e00c967a010fc43ce528bd633d032f17158d393",
          "version": "7.6.4"
        }
      },
      {
        "package": "OSCKit",
        "repositoryURL": "https://github.com/SammyTheHand/OSCKit",
        "state": {
          "branch": "develop",
          "revision": "7ad9ee0579394fbebee83d0bc58999fc82141951",
          "version": null
        }
      }
    ]
  },
  "version": 1
}
